// !$*UTF8*$!
{
	archiveVersion = 1;
	classes = {
	};
	objectVersion = 56;
	objects = {

/* Begin PBXBuildFile section */
		AE5DF1D42AF678710089FA92 /* elementaryVocab.json in Resources */ = {isa = PBXBuildFile; fileRef = AE5DF1D32AF678710089FA92 /* elementaryVocab.json */; };
		AE663DE82B102895000532C2 /* Vocab+CoreDataClass.swift in Sources */ = {isa = PBXBuildFile; fileRef = AE663DE42B102895000532C2 /* Vocab+CoreDataClass.swift */; };
		AE663DE92B102895000532C2 /* Vocab+CoreDataProperties.swift in Sources */ = {isa = PBXBuildFile; fileRef = AE663DE52B102895000532C2 /* Vocab+CoreDataProperties.swift */; };
		AE663DEA2B102895000532C2 /* Category+CoreDataClass.swift in Sources */ = {isa = PBXBuildFile; fileRef = AE663DE62B102895000532C2 /* Category+CoreDataClass.swift */; };
		AE663DEB2B102895000532C2 /* Category+CoreDataProperties.swift in Sources */ = {isa = PBXBuildFile; fileRef = AE663DE72B102895000532C2 /* Category+CoreDataProperties.swift */; };
		AE663DED2B102990000532C2 /* VocabListView.swift in Sources */ = {isa = PBXBuildFile; fileRef = AE663DEC2B102990000532C2 /* VocabListView.swift */; };
		AE7445882B14AA71005CDC05 /* UINavigation.swift in Sources */ = {isa = PBXBuildFile; fileRef = AE7445872B14AA71005CDC05 /* UINavigation.swift */; };
		AEA0E68B2B0B872E004777A2 /* Ex+View.swift in Sources */ = {isa = PBXBuildFile; fileRef = AEA0E68A2B0B872E004777A2 /* Ex+View.swift */; };
		AEA0E68D2B0B878B004777A2 /* Ex+Color.swift in Sources */ = {isa = PBXBuildFile; fileRef = AEA0E68C2B0B878B004777A2 /* Ex+Color.swift */; };
		AEA0E68F2B0B87CF004777A2 /* CategoryView.swift in Sources */ = {isa = PBXBuildFile; fileRef = AEA0E68E2B0B87CF004777A2 /* CategoryView.swift */; };
		AEA0E69B2B0B89D1004777A2 /* Pretendard-Medium.ttf in Resources */ = {isa = PBXBuildFile; fileRef = AEA0E6922B0B89D0004777A2 /* Pretendard-Medium.ttf */; };
		AEA0E69F2B0B89D1004777A2 /* Pretendard-Regular.ttf in Resources */ = {isa = PBXBuildFile; fileRef = AEA0E6962B0B89D1004777A2 /* Pretendard-Regular.ttf */; };
		AEA0E6A02B0B89D1004777A2 /* Pretendard-Bold.ttf in Resources */ = {isa = PBXBuildFile; fileRef = AEA0E6972B0B89D1004777A2 /* Pretendard-Bold.ttf */; };
		AEA0E6A12B0B89D1004777A2 /* Pretendard-SemiBold.ttf in Resources */ = {isa = PBXBuildFile; fileRef = AEA0E6982B0B89D1004777A2 /* Pretendard-SemiBold.ttf */; };
		AEA0E6A62B0B9167004777A2 /* FontManager.swift in Sources */ = {isa = PBXBuildFile; fileRef = AEA0E6A52B0B9167004777A2 /* FontManager.swift */; };
		AEA0E6A82B0B929D004777A2 /* CategoryItem.swift in Sources */ = {isa = PBXBuildFile; fileRef = AEA0E6A72B0B929D004777A2 /* CategoryItem.swift */; };
		AEA0E6AC2B0BA4AA004777A2 /* CustomButton.swift in Sources */ = {isa = PBXBuildFile; fileRef = AEA0E6AB2B0BA4AA004777A2 /* CustomButton.swift */; };
		AEA0E6AE2B0BA796004777A2 /* CategoryViewModel.swift in Sources */ = {isa = PBXBuildFile; fileRef = AEA0E6AD2B0BA796004777A2 /* CategoryViewModel.swift */; };
		AEA0E6B02B0BA879004777A2 /* CategoryAddView.swift in Sources */ = {isa = PBXBuildFile; fileRef = AEA0E6AF2B0BA879004777A2 /* CategoryAddView.swift */; };
		AEA7E7162AE8256B0057D201 /* ReadPlayApp.swift in Sources */ = {isa = PBXBuildFile; fileRef = AEA7E7152AE8256B0057D201 /* ReadPlayApp.swift */; };
		AEA7E71A2AE8256C0057D201 /* Assets.xcassets in Resources */ = {isa = PBXBuildFile; fileRef = AEA7E7192AE8256C0057D201 /* Assets.xcassets */; };
		AEA7E71D2AE8256C0057D201 /* Preview Assets.xcassets in Resources */ = {isa = PBXBuildFile; fileRef = AEA7E71C2AE8256C0057D201 /* Preview Assets.xcassets */; };
		AEA90F0F2B0CC26F00AC33D9 /* StaticVocab.swift in Sources */ = {isa = PBXBuildFile; fileRef = AEA90F0E2B0CC26F00AC33D9 /* StaticVocab.swift */; };
		AECA785D2AF6709300C8597F /* StudyPlayView.swift in Sources */ = {isa = PBXBuildFile; fileRef = AECA785C2AF6709300C8597F /* StudyPlayView.swift */; };
		AECA78622AF670DB00C8597F /* StudyPlayViewModel.swift in Sources */ = {isa = PBXBuildFile; fileRef = AECA78612AF670DB00C8597F /* StudyPlayViewModel.swift */; };
		AECA78642AF6713A00C8597F /* DataController.swift in Sources */ = {isa = PBXBuildFile; fileRef = AECA78632AF6713A00C8597F /* DataController.swift */; };
		AECA786A2AF674B500C8597F /* VocabModel.xcdatamodeld in Sources */ = {isa = PBXBuildFile; fileRef = AECA78682AF674B500C8597F /* VocabModel.xcdatamodeld */; };
		AECA786D2AF675FD00C8597F /* JsonParser.swift in Sources */ = {isa = PBXBuildFile; fileRef = AECA786C2AF675FD00C8597F /* JsonParser.swift */; };
/* End PBXBuildFile section */

/* Begin PBXFileReference section */
		AE5DF1D32AF678710089FA92 /* elementaryVocab.json */ = {isa = PBXFileReference; fileEncoding = 4; lastKnownFileType = text.json; path = elementaryVocab.json; sourceTree = "<group>"; };
		AE663DE42B102895000532C2 /* Vocab+CoreDataClass.swift */ = {isa = PBXFileReference; lastKnownFileType = sourcecode.swift; path = "Vocab+CoreDataClass.swift"; sourceTree = "<group>"; };
		AE663DE52B102895000532C2 /* Vocab+CoreDataProperties.swift */ = {isa = PBXFileReference; lastKnownFileType = sourcecode.swift; path = "Vocab+CoreDataProperties.swift"; sourceTree = "<group>"; };
		AE663DE62B102895000532C2 /* Category+CoreDataClass.swift */ = {isa = PBXFileReference; lastKnownFileType = sourcecode.swift; path = "Category+CoreDataClass.swift"; sourceTree = "<group>"; };
		AE663DE72B102895000532C2 /* Category+CoreDataProperties.swift */ = {isa = PBXFileReference; lastKnownFileType = sourcecode.swift; path = "Category+CoreDataProperties.swift"; sourceTree = "<group>"; };
		AE663DEC2B102990000532C2 /* VocabListView.swift */ = {isa = PBXFileReference; lastKnownFileType = sourcecode.swift; path = VocabListView.swift; sourceTree = "<group>"; };
		AE7445872B14AA71005CDC05 /* UINavigation.swift */ = {isa = PBXFileReference; lastKnownFileType = sourcecode.swift; path = UINavigation.swift; sourceTree = "<group>"; };
		AEA0E68A2B0B872E004777A2 /* Ex+View.swift */ = {isa = PBXFileReference; lastKnownFileType = sourcecode.swift; path = "Ex+View.swift"; sourceTree = "<group>"; };
		AEA0E68C2B0B878B004777A2 /* Ex+Color.swift */ = {isa = PBXFileReference; lastKnownFileType = sourcecode.swift; path = "Ex+Color.swift"; sourceTree = "<group>"; };
		AEA0E68E2B0B87CF004777A2 /* CategoryView.swift */ = {isa = PBXFileReference; lastKnownFileType = sourcecode.swift; path = CategoryView.swift; sourceTree = "<group>"; };
		AEA0E6922B0B89D0004777A2 /* Pretendard-Medium.ttf */ = {isa = PBXFileReference; lastKnownFileType = file; path = "Pretendard-Medium.ttf"; sourceTree = "<group>"; };
		AEA0E6962B0B89D1004777A2 /* Pretendard-Regular.ttf */ = {isa = PBXFileReference; lastKnownFileType = file; path = "Pretendard-Regular.ttf"; sourceTree = "<group>"; };
		AEA0E6972B0B89D1004777A2 /* Pretendard-Bold.ttf */ = {isa = PBXFileReference; lastKnownFileType = file; path = "Pretendard-Bold.ttf"; sourceTree = "<group>"; };
		AEA0E6982B0B89D1004777A2 /* Pretendard-SemiBold.ttf */ = {isa = PBXFileReference; lastKnownFileType = file; path = "Pretendard-SemiBold.ttf"; sourceTree = "<group>"; };
		AEA0E6A22B0B8A5E004777A2 /* Info.plist */ = {isa = PBXFileReference; lastKnownFileType = text.plist; path = Info.plist; sourceTree = "<group>"; };
		AEA0E6A52B0B9167004777A2 /* FontManager.swift */ = {isa = PBXFileReference; lastKnownFileType = sourcecode.swift; path = FontManager.swift; sourceTree = "<group>"; };
		AEA0E6A72B0B929D004777A2 /* CategoryItem.swift */ = {isa = PBXFileReference; lastKnownFileType = sourcecode.swift; path = CategoryItem.swift; sourceTree = "<group>"; };
		AEA0E6AB2B0BA4AA004777A2 /* CustomButton.swift */ = {isa = PBXFileReference; lastKnownFileType = sourcecode.swift; path = CustomButton.swift; sourceTree = "<group>"; };
		AEA0E6AD2B0BA796004777A2 /* CategoryViewModel.swift */ = {isa = PBXFileReference; lastKnownFileType = sourcecode.swift; path = CategoryViewModel.swift; sourceTree = "<group>"; };
		AEA0E6AF2B0BA879004777A2 /* CategoryAddView.swift */ = {isa = PBXFileReference; lastKnownFileType = sourcecode.swift; path = CategoryAddView.swift; sourceTree = "<group>"; };
		AEA7E7122AE8256B0057D201 /* ReadPlay.app */ = {isa = PBXFileReference; explicitFileType = wrapper.application; includeInIndex = 0; path = ReadPlay.app; sourceTree = BUILT_PRODUCTS_DIR; };
		AEA7E7152AE8256B0057D201 /* ReadPlayApp.swift */ = {isa = PBXFileReference; lastKnownFileType = sourcecode.swift; path = ReadPlayApp.swift; sourceTree = "<group>"; };
		AEA7E7192AE8256C0057D201 /* Assets.xcassets */ = {isa = PBXFileReference; lastKnownFileType = folder.assetcatalog; path = Assets.xcassets; sourceTree = "<group>"; };
		AEA7E71C2AE8256C0057D201 /* Preview Assets.xcassets */ = {isa = PBXFileReference; lastKnownFileType = folder.assetcatalog; path = "Preview Assets.xcassets"; sourceTree = "<group>"; };
		AEA90F0E2B0CC26F00AC33D9 /* StaticVocab.swift */ = {isa = PBXFileReference; lastKnownFileType = sourcecode.swift; path = StaticVocab.swift; sourceTree = "<group>"; };
		AECA785C2AF6709300C8597F /* StudyPlayView.swift */ = {isa = PBXFileReference; lastKnownFileType = sourcecode.swift; path = StudyPlayView.swift; sourceTree = "<group>"; };
		AECA78612AF670DB00C8597F /* StudyPlayViewModel.swift */ = {isa = PBXFileReference; lastKnownFileType = sourcecode.swift; path = StudyPlayViewModel.swift; sourceTree = "<group>"; };
		AECA78632AF6713A00C8597F /* DataController.swift */ = {isa = PBXFileReference; lastKnownFileType = sourcecode.swift; path = DataController.swift; sourceTree = "<group>"; };
		AECA78692AF674B500C8597F /* DataModel.xcdatamodel */ = {isa = PBXFileReference; lastKnownFileType = wrapper.xcdatamodel; path = DataModel.xcdatamodel; sourceTree = "<group>"; };
		AECA786C2AF675FD00C8597F /* JsonParser.swift */ = {isa = PBXFileReference; lastKnownFileType = sourcecode.swift; path = JsonParser.swift; sourceTree = "<group>"; };
/* End PBXFileReference section */

/* Begin PBXFrameworksBuildPhase section */
		AEA7E70F2AE8256B0057D201 /* Frameworks */ = {
			isa = PBXFrameworksBuildPhase;
			buildActionMask = 2147483647;
			files = (
			);
			runOnlyForDeploymentPostprocessing = 0;
		};
/* End PBXFrameworksBuildPhase section */

/* Begin PBXGroup section */
		AE8C9B012B04F41400A2386D /* Utilities */ = {
			isa = PBXGroup;
			children = (
				AECA786C2AF675FD00C8597F /* JsonParser.swift */,
			);
			path = Utilities;
			sourceTree = "<group>";
		};
		AE8C9B022B04F49500A2386D /* Fonts */ = {
			isa = PBXGroup;
			children = (
				AEA0E6972B0B89D1004777A2 /* Pretendard-Bold.ttf */,
				AEA0E6922B0B89D0004777A2 /* Pretendard-Medium.ttf */,
				AEA0E6962B0B89D1004777A2 /* Pretendard-Regular.ttf */,
				AEA0E6982B0B89D1004777A2 /* Pretendard-SemiBold.ttf */,
			);
			path = Fonts;
			sourceTree = "<group>";
		};
		AEA7E7092AE8256B0057D201 = {
			isa = PBXGroup;
			children = (
				AEA7E7142AE8256B0057D201 /* ReadPlay */,
				AEA7E7132AE8256B0057D201 /* Products */,
			);
			sourceTree = "<group>";
		};
		AEA7E7132AE8256B0057D201 /* Products */ = {
			isa = PBXGroup;
			children = (
				AEA7E7122AE8256B0057D201 /* ReadPlay.app */,
			);
			name = Products;
			sourceTree = "<group>";
		};
		AEA7E7142AE8256B0057D201 /* ReadPlay */ = {
			isa = PBXGroup;
			children = (
				AEA0E6A22B0B8A5E004777A2 /* Info.plist */,
				AEA7E7152AE8256B0057D201 /* ReadPlayApp.swift */,
				AECA78672AF6749800C8597F /* CoreDataModel */,
				AE8C9B012B04F41400A2386D /* Utilities */,
				AECA78592AF6705D00C8597F /* Resources */,
				AECA78542AF66FCA00C8597F /* Presentation */,
				AEA7E71B2AE8256C0057D201 /* Preview Content */,
			);
			path = ReadPlay;
			sourceTree = "<group>";
		};
		AEA7E71B2AE8256C0057D201 /* Preview Content */ = {
			isa = PBXGroup;
			children = (
				AEA7E71C2AE8256C0057D201 /* Preview Assets.xcassets */,
			);
			path = "Preview Content";
			sourceTree = "<group>";
		};
		AEA90F012B0CB97900AC33D9 /* JsonData */ = {
			isa = PBXGroup;
			children = (
				AE5DF1D32AF678710089FA92 /* elementaryVocab.json */,
			);
			path = JsonData;
			sourceTree = "<group>";
		};
		AECA78542AF66FCA00C8597F /* Presentation */ = {
			isa = PBXGroup;
			children = (
				AECA78562AF66FF100C8597F /* Category */,
				AECA78572AF6701000C8597F /* VocabList */,
				AECA78582AF6702700C8597F /* StudyPlay */,
			);
			path = Presentation;
			sourceTree = "<group>";
		};
		AECA78562AF66FF100C8597F /* Category */ = {
			isa = PBXGroup;
			children = (
				AEA0E68E2B0B87CF004777A2 /* CategoryView.swift */,
				AEA0E6AD2B0BA796004777A2 /* CategoryViewModel.swift */,
				AEA0E6AF2B0BA879004777A2 /* CategoryAddView.swift */,
			);
			path = Category;
			sourceTree = "<group>";
		};
		AECA78572AF6701000C8597F /* VocabList */ = {
			isa = PBXGroup;
			children = (
				AE663DEC2B102990000532C2 /* VocabListView.swift */,
			);
			path = VocabList;
			sourceTree = "<group>";
		};
		AECA78582AF6702700C8597F /* StudyPlay */ = {
			isa = PBXGroup;
			children = (
				AECA785C2AF6709300C8597F /* StudyPlayView.swift */,
				AECA78612AF670DB00C8597F /* StudyPlayViewModel.swift */,
			);
			path = StudyPlay;
			sourceTree = "<group>";
		};
		AECA78592AF6705D00C8597F /* Resources */ = {
			isa = PBXGroup;
			children = (
				AEA90F012B0CB97900AC33D9 /* JsonData */,
				AEA7E7192AE8256C0057D201 /* Assets.xcassets */,
				AECA785B2AF6706E00C8597F /* Components */,
				AECA785A2AF6706800C8597F /* Extensions */,
				AE8C9B022B04F49500A2386D /* Fonts */,
			);
			path = Resources;
			sourceTree = "<group>";
		};
		AECA785A2AF6706800C8597F /* Extensions */ = {
			isa = PBXGroup;
			children = (
				AEA0E6A52B0B9167004777A2 /* FontManager.swift */,
				AEA0E68A2B0B872E004777A2 /* Ex+View.swift */,
				AEA0E68C2B0B878B004777A2 /* Ex+Color.swift */,
				AE7445872B14AA71005CDC05 /* UINavigation.swift */,
			);
			path = Extensions;
			sourceTree = "<group>";
		};
		AECA785B2AF6706E00C8597F /* Components */ = {
			isa = PBXGroup;
			children = (
				AEA0E6A72B0B929D004777A2 /* CategoryItem.swift */,
				AEA0E6AB2B0BA4AA004777A2 /* CustomButton.swift */,
			);
			path = Components;
			sourceTree = "<group>";
		};
		AECA78672AF6749800C8597F /* CoreDataModel */ = {
			isa = PBXGroup;
			children = (
				AE663DE42B102895000532C2 /* Vocab+CoreDataClass.swift */,
				AE663DE52B102895000532C2 /* Vocab+CoreDataProperties.swift */,
				AE663DE62B102895000532C2 /* Category+CoreDataClass.swift */,
				AE663DE72B102895000532C2 /* Category+CoreDataProperties.swift */,
				AECA78682AF674B500C8597F /* VocabModel.xcdatamodeld */,
				AECA78632AF6713A00C8597F /* DataController.swift */,
				AEA90F0E2B0CC26F00AC33D9 /* StaticVocab.swift */,
			);
			path = CoreDataModel;
			sourceTree = "<group>";
		};
/* End PBXGroup section */

/* Begin PBXNativeTarget section */
		AEA7E7112AE8256B0057D201 /* ReadPlay */ = {
			isa = PBXNativeTarget;
			buildConfigurationList = AEA7E7202AE8256C0057D201 /* Build configuration list for PBXNativeTarget "ReadPlay" */;
			buildPhases = (
				AEA7E70E2AE8256B0057D201 /* Sources */,
				AEA7E70F2AE8256B0057D201 /* Frameworks */,
				AEA7E7102AE8256B0057D201 /* Resources */,
			);
			buildRules = (
			);
			dependencies = (
			);
			name = ReadPlay;
			productName = ReadPlay;
			productReference = AEA7E7122AE8256B0057D201 /* ReadPlay.app */;
			productType = "com.apple.product-type.application";
		};
/* End PBXNativeTarget section */

/* Begin PBXProject section */
		AEA7E70A2AE8256B0057D201 /* Project object */ = {
			isa = PBXProject;
			attributes = {
				BuildIndependentTargetsInParallel = 1;
				LastSwiftUpdateCheck = 1500;
				LastUpgradeCheck = 1500;
				TargetAttributes = {
					AEA7E7112AE8256B0057D201 = {
						CreatedOnToolsVersion = 15.0;
					};
				};
			};
			buildConfigurationList = AEA7E70D2AE8256B0057D201 /* Build configuration list for PBXProject "ReadPlay" */;
			compatibilityVersion = "Xcode 14.0";
			developmentRegion = en;
			hasScannedForEncodings = 0;
			knownRegions = (
				en,
				Base,
			);
			mainGroup = AEA7E7092AE8256B0057D201;
			productRefGroup = AEA7E7132AE8256B0057D201 /* Products */;
			projectDirPath = "";
			projectRoot = "";
			targets = (
				AEA7E7112AE8256B0057D201 /* ReadPlay */,
			);
		};
/* End PBXProject section */

/* Begin PBXResourcesBuildPhase section */
		AEA7E7102AE8256B0057D201 /* Resources */ = {
			isa = PBXResourcesBuildPhase;
			buildActionMask = 2147483647;
			files = (
				AEA0E6A12B0B89D1004777A2 /* Pretendard-SemiBold.ttf in Resources */,
				AEA0E69F2B0B89D1004777A2 /* Pretendard-Regular.ttf in Resources */,
				AEA7E71D2AE8256C0057D201 /* Preview Assets.xcassets in Resources */,
				AEA0E69B2B0B89D1004777A2 /* Pretendard-Medium.ttf in Resources */,
				AE5DF1D42AF678710089FA92 /* elementaryVocab.json in Resources */,
				AEA7E71A2AE8256C0057D201 /* Assets.xcassets in Resources */,
				AEA0E6A02B0B89D1004777A2 /* Pretendard-Bold.ttf in Resources */,
			);
			runOnlyForDeploymentPostprocessing = 0;
		};
/* End PBXResourcesBuildPhase section */

/* Begin PBXSourcesBuildPhase section */
		AEA7E70E2AE8256B0057D201 /* Sources */ = {
			isa = PBXSourcesBuildPhase;
			buildActionMask = 2147483647;
			files = (
				AECA786A2AF674B500C8597F /* VocabModel.xcdatamodeld in Sources */,
				AEA0E6B02B0BA879004777A2 /* CategoryAddView.swift in Sources */,
				AECA786D2AF675FD00C8597F /* JsonParser.swift in Sources */,
				AE663DE82B102895000532C2 /* Vocab+CoreDataClass.swift in Sources */,
				AE663DED2B102990000532C2 /* VocabListView.swift in Sources */,
				AECA78642AF6713A00C8597F /* DataController.swift in Sources */,
				AEA0E6AC2B0BA4AA004777A2 /* CustomButton.swift in Sources */,
				AE663DE92B102895000532C2 /* Vocab+CoreDataProperties.swift in Sources */,
				AE663DEA2B102895000532C2 /* Category+CoreDataClass.swift in Sources */,
				AEA0E68B2B0B872E004777A2 /* Ex+View.swift in Sources */,
				AEA0E68F2B0B87CF004777A2 /* CategoryView.swift in Sources */,
				AEA0E6AE2B0BA796004777A2 /* CategoryViewModel.swift in Sources */,
				AECA78622AF670DB00C8597F /* StudyPlayViewModel.swift in Sources */,
				AE7445882B14AA71005CDC05 /* UINavigation.swift in Sources */,
				AECA785D2AF6709300C8597F /* StudyPlayView.swift in Sources */,
				AEA0E68D2B0B878B004777A2 /* Ex+Color.swift in Sources */,
				AE663DEB2B102895000532C2 /* Category+CoreDataProperties.swift in Sources */,
				AEA0E6A62B0B9167004777A2 /* FontManager.swift in Sources */,
				AEA0E6A82B0B929D004777A2 /* CategoryItem.swift in Sources */,
				AEA90F0F2B0CC26F00AC33D9 /* StaticVocab.swift in Sources */,
				AEA7E7162AE8256B0057D201 /* ReadPlayApp.swift in Sources */,
			);
			runOnlyForDeploymentPostprocessing = 0;
		};
/* End PBXSourcesBuildPhase section */

/* Begin XCBuildConfiguration section */
		AEA7E71E2AE8256C0057D201 /* Debug */ = {
			isa = XCBuildConfiguration;
			buildSettings = {
				ALWAYS_SEARCH_USER_PATHS = NO;
				ASSETCATALOG_COMPILER_GENERATE_SWIFT_ASSET_SYMBOL_EXTENSIONS = YES;
				CLANG_ANALYZER_NONNULL = YES;
				CLANG_ANALYZER_NUMBER_OBJECT_CONVERSION = YES_AGGRESSIVE;
				CLANG_CXX_LANGUAGE_STANDARD = "gnu++20";
				CLANG_ENABLE_MODULES = YES;
				CLANG_ENABLE_OBJC_ARC = YES;
				CLANG_ENABLE_OBJC_WEAK = YES;
				CLANG_WARN_BLOCK_CAPTURE_AUTORELEASING = YES;
				CLANG_WARN_BOOL_CONVERSION = YES;
				CLANG_WARN_COMMA = YES;
				CLANG_WARN_CONSTANT_CONVERSION = YES;
				CLANG_WARN_DEPRECATED_OBJC_IMPLEMENTATIONS = YES;
				CLANG_WARN_DIRECT_OBJC_ISA_USAGE = YES_ERROR;
				CLANG_WARN_DOCUMENTATION_COMMENTS = YES;
				CLANG_WARN_EMPTY_BODY = YES;
				CLANG_WARN_ENUM_CONVERSION = YES;
				CLANG_WARN_INFINITE_RECURSION = YES;
				CLANG_WARN_INT_CONVERSION = YES;
				CLANG_WARN_NON_LITERAL_NULL_CONVERSION = YES;
				CLANG_WARN_OBJC_IMPLICIT_RETAIN_SELF = YES;
				CLANG_WARN_OBJC_LITERAL_CONVERSION = YES;
				CLANG_WARN_OBJC_ROOT_CLASS = YES_ERROR;
				CLANG_WARN_QUOTED_INCLUDE_IN_FRAMEWORK_HEADER = YES;
				CLANG_WARN_RANGE_LOOP_ANALYSIS = YES;
				CLANG_WARN_STRICT_PROTOTYPES = YES;
				CLANG_WARN_SUSPICIOUS_MOVE = YES;
				CLANG_WARN_UNGUARDED_AVAILABILITY = YES_AGGRESSIVE;
				CLANG_WARN_UNREACHABLE_CODE = YES;
				CLANG_WARN__DUPLICATE_METHOD_MATCH = YES;
				COPY_PHASE_STRIP = NO;
				DEBUG_INFORMATION_FORMAT = dwarf;
				ENABLE_STRICT_OBJC_MSGSEND = YES;
				ENABLE_TESTABILITY = YES;
				ENABLE_USER_SCRIPT_SANDBOXING = YES;
				GCC_C_LANGUAGE_STANDARD = gnu17;
				GCC_DYNAMIC_NO_PIC = NO;
				GCC_NO_COMMON_BLOCKS = YES;
				GCC_OPTIMIZATION_LEVEL = 0;
				GCC_PREPROCESSOR_DEFINITIONS = (
					"DEBUG=1",
					"$(inherited)",
				);
				GCC_WARN_64_TO_32_BIT_CONVERSION = YES;
				GCC_WARN_ABOUT_RETURN_TYPE = YES_ERROR;
				GCC_WARN_UNDECLARED_SELECTOR = YES;
				GCC_WARN_UNINITIALIZED_AUTOS = YES_AGGRESSIVE;
				GCC_WARN_UNUSED_FUNCTION = YES;
				GCC_WARN_UNUSED_VARIABLE = YES;
				IPHONEOS_DEPLOYMENT_TARGET = 17.0;
				LOCALIZATION_PREFERS_STRING_CATALOGS = YES;
				MTL_ENABLE_DEBUG_INFO = INCLUDE_SOURCE;
				MTL_FAST_MATH = YES;
				ONLY_ACTIVE_ARCH = YES;
				SDKROOT = iphoneos;
				SWIFT_ACTIVE_COMPILATION_CONDITIONS = "DEBUG $(inherited)";
				SWIFT_OPTIMIZATION_LEVEL = "-Onone";
			};
			name = Debug;
		};
		AEA7E71F2AE8256C0057D201 /* Release */ = {
			isa = XCBuildConfiguration;
			buildSettings = {
				ALWAYS_SEARCH_USER_PATHS = NO;
				ASSETCATALOG_COMPILER_GENERATE_SWIFT_ASSET_SYMBOL_EXTENSIONS = YES;
				CLANG_ANALYZER_NONNULL = YES;
				CLANG_ANALYZER_NUMBER_OBJECT_CONVERSION = YES_AGGRESSIVE;
				CLANG_CXX_LANGUAGE_STANDARD = "gnu++20";
				CLANG_ENABLE_MODULES = YES;
				CLANG_ENABLE_OBJC_ARC = YES;
				CLANG_ENABLE_OBJC_WEAK = YES;
				CLANG_WARN_BLOCK_CAPTURE_AUTORELEASING = YES;
				CLANG_WARN_BOOL_CONVERSION = YES;
				CLANG_WARN_COMMA = YES;
				CLANG_WARN_CONSTANT_CONVERSION = YES;
				CLANG_WARN_DEPRECATED_OBJC_IMPLEMENTATIONS = YES;
				CLANG_WARN_DIRECT_OBJC_ISA_USAGE = YES_ERROR;
				CLANG_WARN_DOCUMENTATION_COMMENTS = YES;
				CLANG_WARN_EMPTY_BODY = YES;
				CLANG_WARN_ENUM_CONVERSION = YES;
				CLANG_WARN_INFINITE_RECURSION = YES;
				CLANG_WARN_INT_CONVERSION = YES;
				CLANG_WARN_NON_LITERAL_NULL_CONVERSION = YES;
				CLANG_WARN_OBJC_IMPLICIT_RETAIN_SELF = YES;
				CLANG_WARN_OBJC_LITERAL_CONVERSION = YES;
				CLANG_WARN_OBJC_ROOT_CLASS = YES_ERROR;
				CLANG_WARN_QUOTED_INCLUDE_IN_FRAMEWORK_HEADER = YES;
				CLANG_WARN_RANGE_LOOP_ANALYSIS = YES;
				CLANG_WARN_STRICT_PROTOTYPES = YES;
				CLANG_WARN_SUSPICIOUS_MOVE = YES;
				CLANG_WARN_UNGUARDED_AVAILABILITY = YES_AGGRESSIVE;
				CLANG_WARN_UNREACHABLE_CODE = YES;
				CLANG_WARN__DUPLICATE_METHOD_MATCH = YES;
				COPY_PHASE_STRIP = NO;
				DEBUG_INFORMATION_FORMAT = "dwarf-with-dsym";
				ENABLE_NS_ASSERTIONS = NO;
				ENABLE_STRICT_OBJC_MSGSEND = YES;
				ENABLE_USER_SCRIPT_SANDBOXING = YES;
				GCC_C_LANGUAGE_STANDARD = gnu17;
				GCC_NO_COMMON_BLOCKS = YES;
				GCC_WARN_64_TO_32_BIT_CONVERSION = YES;
				GCC_WARN_ABOUT_RETURN_TYPE = YES_ERROR;
				GCC_WARN_UNDECLARED_SELECTOR = YES;
				GCC_WARN_UNINITIALIZED_AUTOS = YES_AGGRESSIVE;
				GCC_WARN_UNUSED_FUNCTION = YES;
				GCC_WARN_UNUSED_VARIABLE = YES;
				IPHONEOS_DEPLOYMENT_TARGET = 17.0;
				LOCALIZATION_PREFERS_STRING_CATALOGS = YES;
				MTL_ENABLE_DEBUG_INFO = NO;
				MTL_FAST_MATH = YES;
				SDKROOT = iphoneos;
				SWIFT_COMPILATION_MODE = wholemodule;
				VALIDATE_PRODUCT = YES;
			};
			name = Release;
		};
		AEA7E7212AE8256C0057D201 /* Debug */ = {
			isa = XCBuildConfiguration;
			buildSettings = {
				ASSETCATALOG_COMPILER_APPICON_NAME = AppIcon;
				ASSETCATALOG_COMPILER_GLOBAL_ACCENT_COLOR_NAME = AccentColor;
				CODE_SIGN_STYLE = Automatic;
				CURRENT_PROJECT_VERSION = 1;
				DEVELOPMENT_ASSET_PATHS = "\"ReadPlay/Preview Content\"";
				DEVELOPMENT_TEAM = SL6KBD5WZW;
				ENABLE_PREVIEWS = YES;
				GENERATE_INFOPLIST_FILE = YES;
				INFOPLIST_FILE = ReadPlay/Info.plist;
				INFOPLIST_KEY_UIApplicationSceneManifest_Generation = YES;
				INFOPLIST_KEY_UIApplicationSupportsIndirectInputEvents = YES;
				INFOPLIST_KEY_UILaunchScreen_Generation = YES;
				INFOPLIST_KEY_UISupportedInterfaceOrientations_iPad = "UIInterfaceOrientationPortrait UIInterfaceOrientationPortraitUpsideDown UIInterfaceOrientationLandscapeLeft UIInterfaceOrientationLandscapeRight";
				INFOPLIST_KEY_UISupportedInterfaceOrientations_iPhone = "UIInterfaceOrientationPortrait UIInterfaceOrientationLandscapeLeft UIInterfaceOrientationLandscapeRight";
				LD_RUNPATH_SEARCH_PATHS = (
					"$(inherited)",
					"@executable_path/Frameworks",
				);
				MARKETING_VERSION = 1.0;
				PRODUCT_BUNDLE_IDENTIFIER = com.shareLife.ReadPlay;
				PRODUCT_NAME = "$(TARGET_NAME)";
				SWIFT_EMIT_LOC_STRINGS = YES;
				SWIFT_VERSION = 5.0;
				TARGETED_DEVICE_FAMILY = "1,2";
			};
			name = Debug;
		};
		AEA7E7222AE8256C0057D201 /* Release */ = {
			isa = XCBuildConfiguration;
			buildSettings = {
				ASSETCATALOG_COMPILER_APPICON_NAME = AppIcon;
				ASSETCATALOG_COMPILER_GLOBAL_ACCENT_COLOR_NAME = AccentColor;
				CODE_SIGN_STYLE = Automatic;
				CURRENT_PROJECT_VERSION = 1;
				DEVELOPMENT_ASSET_PATHS = "\"ReadPlay/Preview Content\"";
				DEVELOPMENT_TEAM = SL6KBD5WZW;
				ENABLE_PREVIEWS = YES;
				GENERATE_INFOPLIST_FILE = YES;
				INFOPLIST_FILE = ReadPlay/Info.plist;
				INFOPLIST_KEY_UIApplicationSceneManifest_Generation = YES;
				INFOPLIST_KEY_UIApplicationSupportsIndirectInputEvents = YES;
				INFOPLIST_KEY_UILaunchScreen_Generation = YES;
				INFOPLIST_KEY_UISupportedInterfaceOrientations_iPad = "UIInterfaceOrientationPortrait UIInterfaceOrientationPortraitUpsideDown UIInterfaceOrientationLandscapeLeft UIInterfaceOrientationLandscapeRight";
				INFOPLIST_KEY_UISupportedInterfaceOrientations_iPhone = "UIInterfaceOrientationPortrait UIInterfaceOrientationLandscapeLeft UIInterfaceOrientationLandscapeRight";
				LD_RUNPATH_SEARCH_PATHS = (
					"$(inherited)",
					"@executable_path/Frameworks",
				);
				MARKETING_VERSION = 1.0;
				PRODUCT_BUNDLE_IDENTIFIER = com.shareLife.ReadPlay;
				PRODUCT_NAME = "$(TARGET_NAME)";
				SWIFT_EMIT_LOC_STRINGS = YES;
				SWIFT_VERSION = 5.0;
				TARGETED_DEVICE_FAMILY = "1,2";
			};
			name = Release;
		};
/* End XCBuildConfiguration section */

/* Begin XCConfigurationList section */
		AEA7E70D2AE8256B0057D201 /* Build configuration list for PBXProject "ReadPlay" */ = {
			isa = XCConfigurationList;
			buildConfigurations = (
				AEA7E71E2AE8256C0057D201 /* Debug */,
				AEA7E71F2AE8256C0057D201 /* Release */,
			);
			defaultConfigurationIsVisible = 0;
			defaultConfigurationName = Release;
		};
		AEA7E7202AE8256C0057D201 /* Build configuration list for PBXNativeTarget "ReadPlay" */ = {
			isa = XCConfigurationList;
			buildConfigurations = (
				AEA7E7212AE8256C0057D201 /* Debug */,
				AEA7E7222AE8256C0057D201 /* Release */,
			);
			defaultConfigurationIsVisible = 0;
			defaultConfigurationName = Release;
		};
/* End XCConfigurationList section */

/* Begin XCVersionGroup section */
		AECA78682AF674B500C8597F /* VocabModel.xcdatamodeld */ = {
			isa = XCVersionGroup;
			children = (
				AECA78692AF674B500C8597F /* DataModel.xcdatamodel */,
			);
			currentVersion = AECA78692AF674B500C8597F /* DataModel.xcdatamodel */;
			path = VocabModel.xcdatamodeld;
			sourceTree = "<group>";
			versionGroupType = wrapper.xcdatamodel;
		};
/* End XCVersionGroup section */
	};
	rootObject = AEA7E70A2AE8256B0057D201 /* Project object */;
}
